
Microsoft Visual Studio Solution File, Format Version 12.00
# Visual Studio 15
VisualStudioVersion = 15.0.28010.2046
MinimumVisualStudioVersion = 10.0.40219.1
Project("{FAE04EC0-301F-11D3-BF4B-00C04F79EFBC}") = "Finland", "Finland\Finland.csproj", "{4A5B626B-0DEB-4218-BC39-EC5DA42164AA}"
EndProject
Global
	GlobalSection(SolutionConfigurationPlatforms) = preSolution
		Debug|Any CPU = Debug|Any CPU
		Release|Any CPU = Release|Any CPU
	EndGlobalSection
	GlobalSection(ProjectConfigurationPlatforms) = postSolution
		{4A5B626B-0DEB-4218-BC39-EC5DA42164AA}.Debug|Any CPU.ActiveCfg = Debug|Any CPU
		{4A5B626B-0DEB-4218-BC39-EC5DA42164AA}.Debug|Any CPU.Build.0 = Debug|Any CPU
		{4A5B626B-0DEB-4218-BC39-EC5DA42164AA}.Release|Any CPU.ActiveCfg = Release|Any CPU
		{4A5B626B-0DEB-4218-BC39-EC5DA42164AA}.Release|Any CPU.Build.0 = Release|Any CPU
	EndGlobalSection
	GlobalSection(SolutionProperties) = preSolution
		HideSolutionNode = FALSE
	EndGlobalSection
	GlobalSection(ExtensibilityGlobals) = postSolution
		SolutionGuid = {DB56B7BE-D65D-4A6E-BE77-F2891120A66F}
	EndGlobalSection
EndGlobal
